
Microsoft Visual Studio Solution File, Format Version 12.00
# Visual Studio 2013
VisualStudioVersion = 12.0.30501.0
MinimumVisualStudioVersion = 10.0.40219.1
Project("{8BC9CEB8-8B4A-11D0-8D11-00A0C91BC942}") = "TextGameOOP", "TextGameOOP\TextGameOOP.vcxproj", "{81F1D128-B412-4C52-B6F2-07D399E99F0C}"
EndProject
Global
	GlobalSection(SolutionConfigurationPlatforms) = preSolution
		Debug|Win32 = Debug|Win32
		Release|Win32 = Release|Win32
	EndGlobalSection
	GlobalSection(ProjectConfigurationPlatforms) = postSolution
		{81F1D128-B412-4C52-B6F2-07D399E99F0C}.Debug|Win32.ActiveCfg = Debug|Win32
		{81F1D128-B412-4C52-B6F2-07D399E99F0C}.Debug|Win32.Build.0 = Debug|Win32
		{81F1D128-B412-4C52-B6F2-07D399E99F0C}.Release|Win32.ActiveCfg = Release|Win32
		{81F1D128-B412-4C52-B6F2-07D399E99F0C}.Release|Win32.Build.0 = Release|Win32
	EndGlobalSection
	GlobalSection(SolutionProperties) = preSolution
		HideSolutionNode = FALSE
	EndGlobalSection
EndGlobal
